
Microsoft Visual Studio Solution File, Format Version 12.00
# Visual Studio Version 17
VisualStudioVersion = 17.14.36705.20 d17.14
MinimumVisualStudioVersion = 10.0.40219.1
Project("{FAE04EC0-301F-11D3-BF4B-00C04F79EFBC}") = "WebhookTester", "WebhookTester\WebhookTester.csproj", "{88384562-DD68-41C4-A347-DAAC023666CA}"
EndProject
Global
	GlobalSection(SolutionConfigurationPlatforms) = preSolution
		Debug|Any CPU = Debug|Any CPU
		Release|Any CPU = Release|Any CPU
	EndGlobalSection
	GlobalSection(ProjectConfigurationPlatforms) = postSolution
		{88384562-DD68-41C4-A347-DAAC023666CA}.Debug|Any CPU.ActiveCfg = Debug|Any CPU
		{88384562-DD68-41C4-A347-DAAC023666CA}.Debug|Any CPU.Build.0 = Debug|Any CPU
		{88384562-DD68-41C4-A347-DAAC023666CA}.Release|Any CPU.ActiveCfg = Release|Any CPU
		{88384562-DD68-41C4-A347-DAAC023666CA}.Release|Any CPU.Build.0 = Release|Any CPU
	EndGlobalSection
	GlobalSection(SolutionProperties) = preSolution
		HideSolutionNode = FALSE
	EndGlobalSection
	GlobalSection(ExtensibilityGlobals) = postSolution
		SolutionGuid = {567B071C-AC41-4B86-8368-601E4C9A955D}
	EndGlobalSection
EndGlobal
